PODS:
  - Alamofire (5.9.1)
  - SkeletonUI (2.0.1)

DEPENDENCIES:
  - Alamofire
  - SkeletonUI

SPEC REPOS:
  trunk:
    - Alamofire
    - SkeletonUI

SPEC CHECKSUMS:
  Alamofire: f36a35757af4587d8e4f4bfa223ad10be2422b8c
  SkeletonUI: 8d622a4dd755650bd5d50eed1e4180fa146c5d6b

PODFILE CHECKSUM: c5de273cb64fcd42c9c47ba8c04b3adcb3065e14

COCOAPODS: 1.15.2
