// !$*UTF8*$!
{
	archiveVersion = 1;
	classes = {
	};
	objectVersion = 56;
	objects = {

/* Begin PBXBuildFile section */
		33D1A0A0BCE93175B71957B5 /* Pods_Baobab.framework in Frameworks */ = {isa = PBXBuildFile; fileRef = 47C5B9FA2042EB175CDFAF0B /* Pods_Baobab.framework */; };
		5C1B84CE2BF20DDB00A99192 /* CheckMark.swift in Sources */ = {isa = PBXBuildFile; fileRef = 5C1B84CD2BF20DDB00A99192 /* CheckMark.swift */; };
		5C1B84D02BF2113200A99192 /* AppDI.swift in Sources */ = {isa = PBXBuildFile; fileRef = 5C1B84CF2BF2113200A99192 /* AppDI.swift */; };
		5C426BE82BEDA8F300869F6D /* BaobabApp.swift in Sources */ = {isa = PBXBuildFile; fileRef = 5C426BE72BEDA8F300869F6D /* BaobabApp.swift */; };
		5C426BEA2BEDA8F300869F6D /* ContentView.swift in Sources */ = {isa = PBXBuildFile; fileRef = 5C426BE92BEDA8F300869F6D /* ContentView.swift */; };
		5C426BEC2BEDA8F400869F6D /* Assets.xcassets in Resources */ = {isa = PBXBuildFile; fileRef = 5C426BEB2BEDA8F400869F6D /* Assets.xcassets */; };
		5C426BEF2BEDA8F400869F6D /* Preview Assets.xcassets in Resources */ = {isa = PBXBuildFile; fileRef = 5C426BEE2BEDA8F400869F6D /* Preview Assets.xcassets */; };
		5C426BFD2BEDBDE900869F6D /* StoreViewModel.swift in Sources */ = {isa = PBXBuildFile; fileRef = 5C426BFC2BEDBDE900869F6D /* StoreViewModel.swift */; };
		5C426BFF2BEDBE7E00869F6D /* ItemInformationInputBox.swift in Sources */ = {isa = PBXBuildFile; fileRef = 5C426BFE2BEDBE7E00869F6D /* ItemInformationInputBox.swift */; };
		5C4ACABC2BEE1ED700195895 /* ItemQuantitySelector.swift in Sources */ = {isa = PBXBuildFile; fileRef = 5C4ACABB2BEE1ED700195895 /* ItemQuantitySelector.swift */; };
		5C4ACABE2BEE1F1900195895 /* PlusButtonImage.swift in Sources */ = {isa = PBXBuildFile; fileRef = 5C4ACABD2BEE1F1900195895 /* PlusButtonImage.swift */; };
		5C4ACAC02BEE1FDB00195895 /* MinusButtonImage.swift in Sources */ = {isa = PBXBuildFile; fileRef = 5C4ACABF2BEE1FDB00195895 /* MinusButtonImage.swift */; };
		5C4ACAC22BEE41A300195895 /* CategoryPicker.swift in Sources */ = {isa = PBXBuildFile; fileRef = 5C4ACAC12BEE41A300195895 /* CategoryPicker.swift */; };
		5C735F412BF1A10200A36EC8 /* CategoryList.swift in Sources */ = {isa = PBXBuildFile; fileRef = 5C735F402BF1A10200A36EC8 /* CategoryList.swift */; };
		5C735F442BF1A35B00A36EC8 /* CategoryData.swift in Sources */ = {isa = PBXBuildFile; fileRef = 5C735F432BF1A35B00A36EC8 /* CategoryData.swift */; };
		5C735F462BF1A4B400A36EC8 /* CategoryListRow.swift in Sources */ = {isa = PBXBuildFile; fileRef = 5C735F452BF1A4B400A36EC8 /* CategoryListRow.swift */; };
		5C735F4A2BF1B44500A36EC8 /* ItemInformationInput.swift in Sources */ = {isa = PBXBuildFile; fileRef = 5C735F492BF1B44500A36EC8 /* ItemInformationInput.swift */; };
		5C735F4C2BF1BAB200A36EC8 /* EstimatedPrice.swift in Sources */ = {isa = PBXBuildFile; fileRef = 5C735F4B2BF1BAB200A36EC8 /* EstimatedPrice.swift */; };
/* End PBXBuildFile section */

/* Begin PBXFileReference section */
		31669ECB1A5016E2B01822F7 /* Pods-Baobab.debug.xcconfig */ = {isa = PBXFileReference; includeInIndex = 1; lastKnownFileType = text.xcconfig; name = "Pods-Baobab.debug.xcconfig"; path = "Target Support Files/Pods-Baobab/Pods-Baobab.debug.xcconfig"; sourceTree = "<group>"; };
		40F064E51CED53C132BD88DD /* Pods-Baobab.release.xcconfig */ = {isa = PBXFileReference; includeInIndex = 1; lastKnownFileType = text.xcconfig; name = "Pods-Baobab.release.xcconfig"; path = "Target Support Files/Pods-Baobab/Pods-Baobab.release.xcconfig"; sourceTree = "<group>"; };
		47C5B9FA2042EB175CDFAF0B /* Pods_Baobab.framework */ = {isa = PBXFileReference; explicitFileType = wrapper.framework; includeInIndex = 0; path = Pods_Baobab.framework; sourceTree = BUILT_PRODUCTS_DIR; };
		5C1B84CD2BF20DDB00A99192 /* CheckMark.swift */ = {isa = PBXFileReference; lastKnownFileType = sourcecode.swift; path = CheckMark.swift; sourceTree = "<group>"; };
		5C1B84CF2BF2113200A99192 /* AppDI.swift */ = {isa = PBXFileReference; lastKnownFileType = sourcecode.swift; path = AppDI.swift; sourceTree = "<group>"; };
		5C426BE42BEDA8F300869F6D /* Baobab.app */ = {isa = PBXFileReference; explicitFileType = wrapper.application; includeInIndex = 0; path = Baobab.app; sourceTree = BUILT_PRODUCTS_DIR; };
		5C426BE72BEDA8F300869F6D /* BaobabApp.swift */ = {isa = PBXFileReference; lastKnownFileType = sourcecode.swift; path = BaobabApp.swift; sourceTree = "<group>"; };
		5C426BE92BEDA8F300869F6D /* ContentView.swift */ = {isa = PBXFileReference; lastKnownFileType = sourcecode.swift; path = ContentView.swift; sourceTree = "<group>"; };
		5C426BEB2BEDA8F400869F6D /* Assets.xcassets */ = {isa = PBXFileReference; lastKnownFileType = folder.assetcatalog; path = Assets.xcassets; sourceTree = "<group>"; };
		5C426BEE2BEDA8F400869F6D /* Preview Assets.xcassets */ = {isa = PBXFileReference; lastKnownFileType = folder.assetcatalog; path = "Preview Assets.xcassets"; sourceTree = "<group>"; };
		5C426BFC2BEDBDE900869F6D /* StoreViewModel.swift */ = {isa = PBXFileReference; lastKnownFileType = sourcecode.swift; path = StoreViewModel.swift; sourceTree = "<group>"; };
		5C426BFE2BEDBE7E00869F6D /* ItemInformationInputBox.swift */ = {isa = PBXFileReference; lastKnownFileType = sourcecode.swift; path = ItemInformationInputBox.swift; sourceTree = "<group>"; };
		5C4ACABB2BEE1ED700195895 /* ItemQuantitySelector.swift */ = {isa = PBXFileReference; lastKnownFileType = sourcecode.swift; path = ItemQuantitySelector.swift; sourceTree = "<group>"; };
		5C4ACABD2BEE1F1900195895 /* PlusButtonImage.swift */ = {isa = PBXFileReference; lastKnownFileType = sourcecode.swift; path = PlusButtonImage.swift; sourceTree = "<group>"; };
		5C4ACABF2BEE1FDB00195895 /* MinusButtonImage.swift */ = {isa = PBXFileReference; lastKnownFileType = sourcecode.swift; path = MinusButtonImage.swift; sourceTree = "<group>"; };
		5C4ACAC12BEE41A300195895 /* CategoryPicker.swift */ = {isa = PBXFileReference; lastKnownFileType = sourcecode.swift; path = CategoryPicker.swift; sourceTree = "<group>"; };
		5C735F402BF1A10200A36EC8 /* CategoryList.swift */ = {isa = PBXFileReference; lastKnownFileType = sourcecode.swift; path = CategoryList.swift; sourceTree = "<group>"; };
		5C735F432BF1A35B00A36EC8 /* CategoryData.swift */ = {isa = PBXFileReference; lastKnownFileType = sourcecode.swift; path = CategoryData.swift; sourceTree = "<group>"; };
		5C735F452BF1A4B400A36EC8 /* CategoryListRow.swift */ = {isa = PBXFileReference; lastKnownFileType = sourcecode.swift; path = CategoryListRow.swift; sourceTree = "<group>"; };
		5C735F492BF1B44500A36EC8 /* ItemInformationInput.swift */ = {isa = PBXFileReference; lastKnownFileType = sourcecode.swift; path = ItemInformationInput.swift; sourceTree = "<group>"; };
		5C735F4B2BF1BAB200A36EC8 /* EstimatedPrice.swift */ = {isa = PBXFileReference; lastKnownFileType = sourcecode.swift; path = EstimatedPrice.swift; sourceTree = "<group>"; };
/* End PBXFileReference section */

/* Begin PBXFrameworksBuildPhase section */
		5C426BE12BEDA8F300869F6D /* Frameworks */ = {
			isa = PBXFrameworksBuildPhase;
			buildActionMask = 2147483647;
			files = (
				33D1A0A0BCE93175B71957B5 /* Pods_Baobab.framework in Frameworks */,
			);
			runOnlyForDeploymentPostprocessing = 0;
		};
/* End PBXFrameworksBuildPhase section */

/* Begin PBXGroup section */
		171DA550EAFB86608FA52EC7 /* Pods */ = {
			isa = PBXGroup;
			children = (
				31669ECB1A5016E2B01822F7 /* Pods-Baobab.debug.xcconfig */,
				40F064E51CED53C132BD88DD /* Pods-Baobab.release.xcconfig */,
			);
			path = Pods;
			sourceTree = "<group>";
		};
		5C426BDB2BEDA8F300869F6D = {
			isa = PBXGroup;
			children = (
				5C426BE62BEDA8F300869F6D /* Baobab */,
				5C426BE52BEDA8F300869F6D /* Products */,
				171DA550EAFB86608FA52EC7 /* Pods */,
				A79B888828ABA888471C141F /* Frameworks */,
			);
			sourceTree = "<group>";
		};
		5C426BE52BEDA8F300869F6D /* Products */ = {
			isa = PBXGroup;
			children = (
				5C426BE42BEDA8F300869F6D /* Baobab.app */,
			);
			name = Products;
			sourceTree = "<group>";
		};
		5C426BE62BEDA8F300869F6D /* Baobab */ = {
			isa = PBXGroup;
			children = (
				5C735F422BF1A2FC00A36EC8 /* Util */,
				5C8C400F2BF19EB6007A7532 /* Resources */,
				5C426BF52BEDBD1200869F6D /* Application */,
				5C426BF62BEDBD1B00869F6D /* Presentation */,
				5C426BED2BEDA8F400869F6D /* Preview Content */,
			);
			path = Baobab;
			sourceTree = "<group>";
		};
		5C426BED2BEDA8F400869F6D /* Preview Content */ = {
			isa = PBXGroup;
			children = (
				5C426BEE2BEDA8F400869F6D /* Preview Assets.xcassets */,
			);
			path = "Preview Content";
			sourceTree = "<group>";
		};
		5C426BF52BEDBD1200869F6D /* Application */ = {
			isa = PBXGroup;
			children = (
				5C426BE72BEDA8F300869F6D /* BaobabApp.swift */,
				5C1B84CF2BF2113200A99192 /* AppDI.swift */,
			);
			path = Application;
			sourceTree = "<group>";
		};
		5C426BF62BEDBD1B00869F6D /* Presentation */ = {
			isa = PBXGroup;
			children = (
				5C426BE92BEDA8F300869F6D /* ContentView.swift */,
				5C426BF72BEDBD4000869F6D /* Store */,
			);
			path = Presentation;
			sourceTree = "<group>";
		};
		5C426BF72BEDBD4000869F6D /* Store */ = {
			isa = PBXGroup;
			children = (
				5C426BF92BEDBD4D00869F6D /* ViewModel */,
				5C426BF82BEDBD4800869F6D /* View */,
			);
			path = Store;
			sourceTree = "<group>";
		};
		5C426BF82BEDBD4800869F6D /* View */ = {
			isa = PBXGroup;
			children = (
				5C8C40092BF195FA007A7532 /* ItemInformationInput */,
			);
			path = View;
			sourceTree = "<group>";
		};
		5C426BF92BEDBD4D00869F6D /* ViewModel */ = {
			isa = PBXGroup;
			children = (
				5C426BFC2BEDBDE900869F6D /* StoreViewModel.swift */,
			);
			path = ViewModel;
			sourceTree = "<group>";
		};
		5C735F422BF1A2FC00A36EC8 /* Util */ = {
			isa = PBXGroup;
			children = (
				5C735F432BF1A35B00A36EC8 /* CategoryData.swift */,
			);
			path = Util;
			sourceTree = "<group>";
		};
		5C8C40092BF195FA007A7532 /* ItemInformationInput */ = {
			isa = PBXGroup;
			children = (
				5C735F492BF1B44500A36EC8 /* ItemInformationInput.swift */,
				5C426BFE2BEDBE7E00869F6D /* ItemInformationInputBox.swift */,
				5C4ACABB2BEE1ED700195895 /* ItemQuantitySelector.swift */,
				5C4ACABD2BEE1F1900195895 /* PlusButtonImage.swift */,
				5C4ACABF2BEE1FDB00195895 /* MinusButtonImage.swift */,
				5C4ACAC12BEE41A300195895 /* CategoryPicker.swift */,
				5C735F402BF1A10200A36EC8 /* CategoryList.swift */,
				5C735F452BF1A4B400A36EC8 /* CategoryListRow.swift */,
				5C735F4B2BF1BAB200A36EC8 /* EstimatedPrice.swift */,
				5C1B84CD2BF20DDB00A99192 /* CheckMark.swift */,
			);
			path = ItemInformationInput;
			sourceTree = "<group>";
		};
		5C8C400F2BF19EB6007A7532 /* Resources */ = {
			isa = PBXGroup;
			children = (
				5C426BEB2BEDA8F400869F6D /* Assets.xcassets */,
			);
			path = Resources;
			sourceTree = "<group>";
		};
		A79B888828ABA888471C141F /* Frameworks */ = {
			isa = PBXGroup;
			children = (
				47C5B9FA2042EB175CDFAF0B /* Pods_Baobab.framework */,
			);
			name = Frameworks;
			sourceTree = "<group>";
		};
/* End PBXGroup section */

/* Begin PBXNativeTarget section */
		5C426BE32BEDA8F300869F6D /* Baobab */ = {
			isa = PBXNativeTarget;
			buildConfigurationList = 5C426BF22BEDA8F400869F6D /* Build configuration list for PBXNativeTarget "Baobab" */;
			buildPhases = (
				13F7C26FB205F132F062FF8C /* [CP] Check Pods Manifest.lock */,
				5C426BE02BEDA8F300869F6D /* Sources */,
				5C426BE12BEDA8F300869F6D /* Frameworks */,
				5C426BE22BEDA8F300869F6D /* Resources */,
				107379265C8D5B0EA7DB6977 /* [CP] Embed Pods Frameworks */,
			);
			buildRules = (
			);
			dependencies = (
			);
			name = Baobab;
			productName = Baobab;
			productReference = 5C426BE42BEDA8F300869F6D /* Baobab.app */;
			productType = "com.apple.product-type.application";
		};
/* End PBXNativeTarget section */

/* Begin PBXProject section */
		5C426BDC2BEDA8F300869F6D /* Project object */ = {
			isa = PBXProject;
			attributes = {
				BuildIndependentTargetsInParallel = 1;
				LastSwiftUpdateCheck = 1530;
				LastUpgradeCheck = 1530;
				TargetAttributes = {
					5C426BE32BEDA8F300869F6D = {
						CreatedOnToolsVersion = 15.3;
					};
				};
			};
			buildConfigurationList = 5C426BDF2BEDA8F300869F6D /* Build configuration list for PBXProject "Baobab" */;
			compatibilityVersion = "Xcode 14.0";
			developmentRegion = en;
			hasScannedForEncodings = 0;
			knownRegions = (
				en,
				Base,
			);
			mainGroup = 5C426BDB2BEDA8F300869F6D;
			productRefGroup = 5C426BE52BEDA8F300869F6D /* Products */;
			projectDirPath = "";
			projectRoot = "";
			targets = (
				5C426BE32BEDA8F300869F6D /* Baobab */,
			);
		};
/* End PBXProject section */

/* Begin PBXResourcesBuildPhase section */
		5C426BE22BEDA8F300869F6D /* Resources */ = {
			isa = PBXResourcesBuildPhase;
			buildActionMask = 2147483647;
			files = (
				5C426BEF2BEDA8F400869F6D /* Preview Assets.xcassets in Resources */,
				5C426BEC2BEDA8F400869F6D /* Assets.xcassets in Resources */,
			);
			runOnlyForDeploymentPostprocessing = 0;
		};
/* End PBXResourcesBuildPhase section */

/* Begin PBXShellScriptBuildPhase section */
		107379265C8D5B0EA7DB6977 /* [CP] Embed Pods Frameworks */ = {
			isa = PBXShellScriptBuildPhase;
			buildActionMask = 2147483647;
			files = (
			);
			inputFileListPaths = (
				"${PODS_ROOT}/Target Support Files/Pods-Baobab/Pods-Baobab-frameworks-${CONFIGURATION}-input-files.xcfilelist",
			);
			name = "[CP] Embed Pods Frameworks";
			outputFileListPaths = (
				"${PODS_ROOT}/Target Support Files/Pods-Baobab/Pods-Baobab-frameworks-${CONFIGURATION}-output-files.xcfilelist",
			);
			runOnlyForDeploymentPostprocessing = 0;
			shellPath = /bin/sh;
			shellScript = "\"${PODS_ROOT}/Target Support Files/Pods-Baobab/Pods-Baobab-frameworks.sh\"\n";
			showEnvVarsInLog = 0;
		};
		13F7C26FB205F132F062FF8C /* [CP] Check Pods Manifest.lock */ = {
			isa = PBXShellScriptBuildPhase;
			buildActionMask = 2147483647;
			files = (
			);
			inputFileListPaths = (
			);
			inputPaths = (
				"${PODS_PODFILE_DIR_PATH}/Podfile.lock",
				"${PODS_ROOT}/Manifest.lock",
			);
			name = "[CP] Check Pods Manifest.lock";
			outputFileListPaths = (
			);
			outputPaths = (
				"$(DERIVED_FILE_DIR)/Pods-Baobab-checkManifestLockResult.txt",
			);
			runOnlyForDeploymentPostprocessing = 0;
			shellPath = /bin/sh;
			shellScript = "diff \"${PODS_PODFILE_DIR_PATH}/Podfile.lock\" \"${PODS_ROOT}/Manifest.lock\" > /dev/null\nif [ $? != 0 ] ; then\n    # print error to STDERR\n    echo \"error: The sandbox is not in sync with the Podfile.lock. Run 'pod install' or update your CocoaPods installation.\" >&2\n    exit 1\nfi\n# This output is used by Xcode 'outputs' to avoid re-running this script phase.\necho \"SUCCESS\" > \"${SCRIPT_OUTPUT_FILE_0}\"\n";
			showEnvVarsInLog = 0;
		};
/* End PBXShellScriptBuildPhase section */

/* Begin PBXSourcesBuildPhase section */
		5C426BE02BEDA8F300869F6D /* Sources */ = {
			isa = PBXSourcesBuildPhase;
			buildActionMask = 2147483647;
			files = (
				5C1B84CE2BF20DDB00A99192 /* CheckMark.swift in Sources */,
				5C735F412BF1A10200A36EC8 /* CategoryList.swift in Sources */,
				5C735F442BF1A35B00A36EC8 /* CategoryData.swift in Sources */,
				5C426BFD2BEDBDE900869F6D /* StoreViewModel.swift in Sources */,
				5C735F4C2BF1BAB200A36EC8 /* EstimatedPrice.swift in Sources */,
				5C4ACAC22BEE41A300195895 /* CategoryPicker.swift in Sources */,
				5C426BFF2BEDBE7E00869F6D /* ItemInformationInputBox.swift in Sources */,
				5C426BEA2BEDA8F300869F6D /* ContentView.swift in Sources */,
				5C4ACAC02BEE1FDB00195895 /* MinusButtonImage.swift in Sources */,
				5C4ACABC2BEE1ED700195895 /* ItemQuantitySelector.swift in Sources */,
				5C735F4A2BF1B44500A36EC8 /* ItemInformationInput.swift in Sources */,
				5C4ACABE2BEE1F1900195895 /* PlusButtonImage.swift in Sources */,
				5C1B84D02BF2113200A99192 /* AppDI.swift in Sources */,
				5C735F462BF1A4B400A36EC8 /* CategoryListRow.swift in Sources */,
				5C426BE82BEDA8F300869F6D /* BaobabApp.swift in Sources */,
			);
			runOnlyForDeploymentPostprocessing = 0;
		};
/* End PBXSourcesBuildPhase section */

/* Begin XCBuildConfiguration section */
		5C426BF02BEDA8F400869F6D /* Debug */ = {
			isa = XCBuildConfiguration;
			buildSettings = {
				ALWAYS_SEARCH_USER_PATHS = NO;
				ASSETCATALOG_COMPILER_GENERATE_SWIFT_ASSET_SYMBOL_EXTENSIONS = YES;
				CLANG_ANALYZER_NONNULL = YES;
				CLANG_ANALYZER_NUMBER_OBJECT_CONVERSION = YES_AGGRESSIVE;
				CLANG_CXX_LANGUAGE_STANDARD = "gnu++20";
				CLANG_ENABLE_MODULES = YES;
				CLANG_ENABLE_OBJC_ARC = YES;
				CLANG_ENABLE_OBJC_WEAK = YES;
				CLANG_WARN_BLOCK_CAPTURE_AUTORELEASING = YES;
				CLANG_WARN_BOOL_CONVERSION = YES;
				CLANG_WARN_COMMA = YES;
				CLANG_WARN_CONSTANT_CONVERSION = YES;
				CLANG_WARN_DEPRECATED_OBJC_IMPLEMENTATIONS = YES;
				CLANG_WARN_DIRECT_OBJC_ISA_USAGE = YES_ERROR;
				CLANG_WARN_DOCUMENTATION_COMMENTS = YES;
				CLANG_WARN_EMPTY_BODY = YES;
				CLANG_WARN_ENUM_CONVERSION = YES;
				CLANG_WARN_INFINITE_RECURSION = YES;
				CLANG_WARN_INT_CONVERSION = YES;
				CLANG_WARN_NON_LITERAL_NULL_CONVERSION = YES;
				CLANG_WARN_OBJC_IMPLICIT_RETAIN_SELF = YES;
				CLANG_WARN_OBJC_LITERAL_CONVERSION = YES;
				CLANG_WARN_OBJC_ROOT_CLASS = YES_ERROR;
				CLANG_WARN_QUOTED_INCLUDE_IN_FRAMEWORK_HEADER = YES;
				CLANG_WARN_RANGE_LOOP_ANALYSIS = YES;
				CLANG_WARN_STRICT_PROTOTYPES = YES;
				CLANG_WARN_SUSPICIOUS_MOVE = YES;
				CLANG_WARN_UNGUARDED_AVAILABILITY = YES_AGGRESSIVE;
				CLANG_WARN_UNREACHABLE_CODE = YES;
				CLANG_WARN__DUPLICATE_METHOD_MATCH = YES;
				COPY_PHASE_STRIP = NO;
				DEBUG_INFORMATION_FORMAT = dwarf;
				ENABLE_STRICT_OBJC_MSGSEND = YES;
				ENABLE_TESTABILITY = YES;
				ENABLE_USER_SCRIPT_SANDBOXING = YES;
				GCC_C_LANGUAGE_STANDARD = gnu17;
				GCC_DYNAMIC_NO_PIC = NO;
				GCC_NO_COMMON_BLOCKS = YES;
				GCC_OPTIMIZATION_LEVEL = 0;
				GCC_PREPROCESSOR_DEFINITIONS = (
					"DEBUG=1",
					"$(inherited)",
				);
				GCC_WARN_64_TO_32_BIT_CONVERSION = YES;
				GCC_WARN_ABOUT_RETURN_TYPE = YES_ERROR;
				GCC_WARN_UNDECLARED_SELECTOR = YES;
				GCC_WARN_UNINITIALIZED_AUTOS = YES_AGGRESSIVE;
				GCC_WARN_UNUSED_FUNCTION = YES;
				GCC_WARN_UNUSED_VARIABLE = YES;
				IPHONEOS_DEPLOYMENT_TARGET = 17.4;
				LOCALIZATION_PREFERS_STRING_CATALOGS = YES;
				MTL_ENABLE_DEBUG_INFO = INCLUDE_SOURCE;
				MTL_FAST_MATH = YES;
				ONLY_ACTIVE_ARCH = YES;
				SDKROOT = iphoneos;
				SWIFT_ACTIVE_COMPILATION_CONDITIONS = "DEBUG $(inherited)";
				SWIFT_OPTIMIZATION_LEVEL = "-Onone";
			};
			name = Debug;
		};
		5C426BF12BEDA8F400869F6D /* Release */ = {
			isa = XCBuildConfiguration;
			buildSettings = {
				ALWAYS_SEARCH_USER_PATHS = NO;
				ASSETCATALOG_COMPILER_GENERATE_SWIFT_ASSET_SYMBOL_EXTENSIONS = YES;
				CLANG_ANALYZER_NONNULL = YES;
				CLANG_ANALYZER_NUMBER_OBJECT_CONVERSION = YES_AGGRESSIVE;
				CLANG_CXX_LANGUAGE_STANDARD = "gnu++20";
				CLANG_ENABLE_MODULES = YES;
				CLANG_ENABLE_OBJC_ARC = YES;
				CLANG_ENABLE_OBJC_WEAK = YES;
				CLANG_WARN_BLOCK_CAPTURE_AUTORELEASING = YES;
				CLANG_WARN_BOOL_CONVERSION = YES;
				CLANG_WARN_COMMA = YES;
				CLANG_WARN_CONSTANT_CONVERSION = YES;
				CLANG_WARN_DEPRECATED_OBJC_IMPLEMENTATIONS = YES;
				CLANG_WARN_DIRECT_OBJC_ISA_USAGE = YES_ERROR;
				CLANG_WARN_DOCUMENTATION_COMMENTS = YES;
				CLANG_WARN_EMPTY_BODY = YES;
				CLANG_WARN_ENUM_CONVERSION = YES;
				CLANG_WARN_INFINITE_RECURSION = YES;
				CLANG_WARN_INT_CONVERSION = YES;
				CLANG_WARN_NON_LITERAL_NULL_CONVERSION = YES;
				CLANG_WARN_OBJC_IMPLICIT_RETAIN_SELF = YES;
				CLANG_WARN_OBJC_LITERAL_CONVERSION = YES;
				CLANG_WARN_OBJC_ROOT_CLASS = YES_ERROR;
				CLANG_WARN_QUOTED_INCLUDE_IN_FRAMEWORK_HEADER = YES;
				CLANG_WARN_RANGE_LOOP_ANALYSIS = YES;
				CLANG_WARN_STRICT_PROTOTYPES = YES;
				CLANG_WARN_SUSPICIOUS_MOVE = YES;
				CLANG_WARN_UNGUARDED_AVAILABILITY = YES_AGGRESSIVE;
				CLANG_WARN_UNREACHABLE_CODE = YES;
				CLANG_WARN__DUPLICATE_METHOD_MATCH = YES;
				COPY_PHASE_STRIP = NO;
				DEBUG_INFORMATION_FORMAT = "dwarf-with-dsym";
				ENABLE_NS_ASSERTIONS = NO;
				ENABLE_STRICT_OBJC_MSGSEND = YES;
				ENABLE_USER_SCRIPT_SANDBOXING = YES;
				GCC_C_LANGUAGE_STANDARD = gnu17;
				GCC_NO_COMMON_BLOCKS = YES;
				GCC_WARN_64_TO_32_BIT_CONVERSION = YES;
				GCC_WARN_ABOUT_RETURN_TYPE = YES_ERROR;
				GCC_WARN_UNDECLARED_SELECTOR = YES;
				GCC_WARN_UNINITIALIZED_AUTOS = YES_AGGRESSIVE;
				GCC_WARN_UNUSED_FUNCTION = YES;
				GCC_WARN_UNUSED_VARIABLE = YES;
				IPHONEOS_DEPLOYMENT_TARGET = 17.4;
				LOCALIZATION_PREFERS_STRING_CATALOGS = YES;
				MTL_ENABLE_DEBUG_INFO = NO;
				MTL_FAST_MATH = YES;
				SDKROOT = iphoneos;
				SWIFT_COMPILATION_MODE = wholemodule;
				VALIDATE_PRODUCT = YES;
			};
			name = Release;
		};
		5C426BF32BEDA8F400869F6D /* Debug */ = {
			isa = XCBuildConfiguration;
			baseConfigurationReference = 31669ECB1A5016E2B01822F7 /* Pods-Baobab.debug.xcconfig */;
			buildSettings = {
				ASSETCATALOG_COMPILER_APPICON_NAME = AppIcon;
				ASSETCATALOG_COMPILER_GLOBAL_ACCENT_COLOR_NAME = AccentColor;
				CODE_SIGN_STYLE = Automatic;
				CURRENT_PROJECT_VERSION = 1;
				DEVELOPMENT_ASSET_PATHS = "\"Baobab/Preview Content\"";
				DEVELOPMENT_TEAM = QHK65XFL8U;
				ENABLE_PREVIEWS = YES;
				ENABLE_USER_SCRIPT_SANDBOXING = NO;
				GENERATE_INFOPLIST_FILE = YES;
				INFOPLIST_KEY_UIApplicationSceneManifest_Generation = YES;
				INFOPLIST_KEY_UIApplicationSupportsIndirectInputEvents = YES;
				INFOPLIST_KEY_UILaunchScreen_Generation = YES;
				INFOPLIST_KEY_UISupportedInterfaceOrientations_iPad = "UIInterfaceOrientationPortrait UIInterfaceOrientationPortraitUpsideDown UIInterfaceOrientationLandscapeLeft UIInterfaceOrientationLandscapeRight";
				INFOPLIST_KEY_UISupportedInterfaceOrientations_iPhone = "UIInterfaceOrientationPortrait UIInterfaceOrientationLandscapeLeft UIInterfaceOrientationLandscapeRight";
				IPHONEOS_DEPLOYMENT_TARGET = 16.0;
				LD_RUNPATH_SEARCH_PATHS = (
					"$(inherited)",
					"@executable_path/Frameworks",
				);
				MARKETING_VERSION = 1.0;
				PRODUCT_BUNDLE_IDENTIFIER = com.myCompany.Baobab;
				PRODUCT_NAME = "$(TARGET_NAME)";
				SWIFT_EMIT_LOC_STRINGS = YES;
				SWIFT_VERSION = 5.0;
				TARGETED_DEVICE_FAMILY = 1;
			};
			name = Debug;
		};
		5C426BF42BEDA8F400869F6D /* Release */ = {
			isa = XCBuildConfiguration;
			baseConfigurationReference = 40F064E51CED53C132BD88DD /* Pods-Baobab.release.xcconfig */;
			buildSettings = {
				ASSETCATALOG_COMPILER_APPICON_NAME = AppIcon;
				ASSETCATALOG_COMPILER_GLOBAL_ACCENT_COLOR_NAME = AccentColor;
				CODE_SIGN_STYLE = Automatic;
				CURRENT_PROJECT_VERSION = 1;
				DEVELOPMENT_ASSET_PATHS = "\"Baobab/Preview Content\"";
				DEVELOPMENT_TEAM = QHK65XFL8U;
				ENABLE_PREVIEWS = YES;
				ENABLE_USER_SCRIPT_SANDBOXING = NO;
				GENERATE_INFOPLIST_FILE = YES;
				INFOPLIST_KEY_UIApplicationSceneManifest_Generation = YES;
				INFOPLIST_KEY_UIApplicationSupportsIndirectInputEvents = YES;
				INFOPLIST_KEY_UILaunchScreen_Generation = YES;
				INFOPLIST_KEY_UISupportedInterfaceOrientations_iPad = "UIInterfaceOrientationPortrait UIInterfaceOrientationPortraitUpsideDown UIInterfaceOrientationLandscapeLeft UIInterfaceOrientationLandscapeRight";
				INFOPLIST_KEY_UISupportedInterfaceOrientations_iPhone = "UIInterfaceOrientationPortrait UIInterfaceOrientationLandscapeLeft UIInterfaceOrientationLandscapeRight";
				IPHONEOS_DEPLOYMENT_TARGET = 16.0;
				LD_RUNPATH_SEARCH_PATHS = (
					"$(inherited)",
					"@executable_path/Frameworks",
				);
				MARKETING_VERSION = 1.0;
				PRODUCT_BUNDLE_IDENTIFIER = com.myCompany.Baobab;
				PRODUCT_NAME = "$(TARGET_NAME)";
				SWIFT_EMIT_LOC_STRINGS = YES;
				SWIFT_VERSION = 5.0;
				TARGETED_DEVICE_FAMILY = 1;
			};
			name = Release;
		};
/* End XCBuildConfiguration section */

/* Begin XCConfigurationList section */
		5C426BDF2BEDA8F300869F6D /* Build configuration list for PBXProject "Baobab" */ = {
			isa = XCConfigurationList;
			buildConfigurations = (
				5C426BF02BEDA8F400869F6D /* Debug */,
				5C426BF12BEDA8F400869F6D /* Release */,
			);
			defaultConfigurationIsVisible = 0;
			defaultConfigurationName = Release;
		};
		5C426BF22BEDA8F400869F6D /* Build configuration list for PBXNativeTarget "Baobab" */ = {
			isa = XCConfigurationList;
			buildConfigurations = (
				5C426BF32BEDA8F400869F6D /* Debug */,
				5C426BF42BEDA8F400869F6D /* Release */,
			);
			defaultConfigurationIsVisible = 0;
			defaultConfigurationName = Release;
		};
/* End XCConfigurationList section */
	};
	rootObject = 5C426BDC2BEDA8F300869F6D /* Project object */;
}
